
Microsoft Visual Studio Solution File, Format Version 12.00
# Visual Studio 2012
Project("{FAE04EC0-301F-11D3-BF4B-00C04F79EFBC}") = "Service", "TODOList\Service.csproj", "{9574F6AC-3CD9-448A-89CE-8646F352FD15}"
EndProject
Project("{FAE04EC0-301F-11D3-BF4B-00C04F79EFBC}") = "DomainObject", "DomainObject\DomainObject.csproj", "{0BD5545F-C93A-479E-B636-48A9C0E737C7}"
EndProject
Project("{FAE04EC0-301F-11D3-BF4B-00C04F79EFBC}") = "Business", "Business\Business.csproj", "{B8CEFF07-E33F-4170-96EE-65DDDB5F61CD}"
EndProject
Project("{FAE04EC0-301F-11D3-BF4B-00C04F79EFBC}") = "Data", "Data\Data.csproj", "{6F84A33A-EA93-49DD-8050-6F67D486B3CE}"
EndProject
Global
	GlobalSection(SolutionConfigurationPlatforms) = preSolution
		Debug|Any CPU = Debug|Any CPU
		Release|Any CPU = Release|Any CPU
	EndGlobalSection
	GlobalSection(ProjectConfigurationPlatforms) = postSolution
		{9574F6AC-3CD9-448A-89CE-8646F352FD15}.Debug|Any CPU.ActiveCfg = Debug|Any CPU
		{9574F6AC-3CD9-448A-89CE-8646F352FD15}.Debug|Any CPU.Build.0 = Debug|Any CPU
		{9574F6AC-3CD9-448A-89CE-8646F352FD15}.Release|Any CPU.ActiveCfg = Release|Any CPU
		{9574F6AC-3CD9-448A-89CE-8646F352FD15}.Release|Any CPU.Build.0 = Release|Any CPU
		{0BD5545F-C93A-479E-B636-48A9C0E737C7}.Debug|Any CPU.ActiveCfg = Debug|Any CPU
		{0BD5545F-C93A-479E-B636-48A9C0E737C7}.Debug|Any CPU.Build.0 = Debug|Any CPU
		{0BD5545F-C93A-479E-B636-48A9C0E737C7}.Release|Any CPU.ActiveCfg = Release|Any CPU
		{0BD5545F-C93A-479E-B636-48A9C0E737C7}.Release|Any CPU.Build.0 = Release|Any CPU
		{B8CEFF07-E33F-4170-96EE-65DDDB5F61CD}.Debug|Any CPU.ActiveCfg = Debug|Any CPU
		{B8CEFF07-E33F-4170-96EE-65DDDB5F61CD}.Debug|Any CPU.Build.0 = Debug|Any CPU
		{B8CEFF07-E33F-4170-96EE-65DDDB5F61CD}.Release|Any CPU.ActiveCfg = Release|Any CPU
		{B8CEFF07-E33F-4170-96EE-65DDDB5F61CD}.Release|Any CPU.Build.0 = Release|Any CPU
		{6F84A33A-EA93-49DD-8050-6F67D486B3CE}.Debug|Any CPU.ActiveCfg = Debug|Any CPU
		{6F84A33A-EA93-49DD-8050-6F67D486B3CE}.Debug|Any CPU.Build.0 = Debug|Any CPU
		{6F84A33A-EA93-49DD-8050-6F67D486B3CE}.Release|Any CPU.ActiveCfg = Release|Any CPU
		{6F84A33A-EA93-49DD-8050-6F67D486B3CE}.Release|Any CPU.Build.0 = Release|Any CPU
	EndGlobalSection
EndGlobal
